
Microsoft Visual Studio Solution File, Format Version 12.00
# Visual Studio Version 16
VisualStudioVersion = 16.0.32602.291
MinimumVisualStudioVersion = 10.0.40219.1
Project("{9A19103F-16F7-4668-BE54-9A1E7A4F7556}") = "AlgoMania", "AlgoMania\AlgoMania.csproj", "{CEB072AB-3240-4D9E-86B1-DFDFD08F1547}"
EndProject
Project("{9A19103F-16F7-4668-BE54-9A1E7A4F7556}") = "AlgorithmsTheoryAndPractice", "AlgorithmsTheoryAndPractice\AlgorithmsTheoryAndPractice.csproj", "{79E9480F-AAA9-42CB-A874-559C207BD1E1}"
EndProject
Project("{9A19103F-16F7-4668-BE54-9A1E7A4F7556}") = "Concepts", "Concepts\Concepts.csproj", "{0B28A11F-D49E-4059-8EFB-3CEC9B9E1278}"
EndProject
Project("{9A19103F-16F7-4668-BE54-9A1E7A4F7556}") = "HackerHank", "HackerHank\HackerHank.csproj", "{F5C3CDFC-ACFD-4041-995B-FB8ABF7A74CE}"
EndProject
Project("{9A19103F-16F7-4668-BE54-9A1E7A4F7556}") = "ProblemsEuler", "ProblemsEuler\ProblemsEuler.csproj", "{81422BA3-85BC-45BD-B83E-54890FC01731}"
EndProject
Project("{9A19103F-16F7-4668-BE54-9A1E7A4F7556}") = "Turing", "Turing\Turing.csproj", "{002E363F-8577-44A2-BABB-DBE618F8212A}"
EndProject
Global
	GlobalSection(SolutionConfigurationPlatforms) = preSolution
		Debug|Any CPU = Debug|Any CPU
		Release|Any CPU = Release|Any CPU
	EndGlobalSection
	GlobalSection(ProjectConfigurationPlatforms) = postSolution
		{CEB072AB-3240-4D9E-86B1-DFDFD08F1547}.Debug|Any CPU.ActiveCfg = Debug|Any CPU
		{CEB072AB-3240-4D9E-86B1-DFDFD08F1547}.Debug|Any CPU.Build.0 = Debug|Any CPU
		{CEB072AB-3240-4D9E-86B1-DFDFD08F1547}.Release|Any CPU.ActiveCfg = Release|Any CPU
		{CEB072AB-3240-4D9E-86B1-DFDFD08F1547}.Release|Any CPU.Build.0 = Release|Any CPU
		{79E9480F-AAA9-42CB-A874-559C207BD1E1}.Debug|Any CPU.ActiveCfg = Debug|Any CPU
		{79E9480F-AAA9-42CB-A874-559C207BD1E1}.Debug|Any CPU.Build.0 = Debug|Any CPU
		{79E9480F-AAA9-42CB-A874-559C207BD1E1}.Release|Any CPU.ActiveCfg = Release|Any CPU
		{79E9480F-AAA9-42CB-A874-559C207BD1E1}.Release|Any CPU.Build.0 = Release|Any CPU
		{0B28A11F-D49E-4059-8EFB-3CEC9B9E1278}.Debug|Any CPU.ActiveCfg = Debug|Any CPU
		{0B28A11F-D49E-4059-8EFB-3CEC9B9E1278}.Debug|Any CPU.Build.0 = Debug|Any CPU
		{0B28A11F-D49E-4059-8EFB-3CEC9B9E1278}.Release|Any CPU.ActiveCfg = Release|Any CPU
		{0B28A11F-D49E-4059-8EFB-3CEC9B9E1278}.Release|Any CPU.Build.0 = Release|Any CPU
		{F5C3CDFC-ACFD-4041-995B-FB8ABF7A74CE}.Debug|Any CPU.ActiveCfg = Debug|Any CPU
		{F5C3CDFC-ACFD-4041-995B-FB8ABF7A74CE}.Debug|Any CPU.Build.0 = Debug|Any CPU
		{F5C3CDFC-ACFD-4041-995B-FB8ABF7A74CE}.Release|Any CPU.ActiveCfg = Release|Any CPU
		{F5C3CDFC-ACFD-4041-995B-FB8ABF7A74CE}.Release|Any CPU.Build.0 = Release|Any CPU
		{81422BA3-85BC-45BD-B83E-54890FC01731}.Debug|Any CPU.ActiveCfg = Debug|Any CPU
		{81422BA3-85BC-45BD-B83E-54890FC01731}.Debug|Any CPU.Build.0 = Debug|Any CPU
		{81422BA3-85BC-45BD-B83E-54890FC01731}.Release|Any CPU.ActiveCfg = Release|Any CPU
		{81422BA3-85BC-45BD-B83E-54890FC01731}.Release|Any CPU.Build.0 = Release|Any CPU
		{002E363F-8577-44A2-BABB-DBE618F8212A}.Debug|Any CPU.ActiveCfg = Debug|Any CPU
		{002E363F-8577-44A2-BABB-DBE618F8212A}.Debug|Any CPU.Build.0 = Debug|Any CPU
		{002E363F-8577-44A2-BABB-DBE618F8212A}.Release|Any CPU.ActiveCfg = Release|Any CPU
		{002E363F-8577-44A2-BABB-DBE618F8212A}.Release|Any CPU.Build.0 = Release|Any CPU
	EndGlobalSection
	GlobalSection(SolutionProperties) = preSolution
		HideSolutionNode = FALSE
	EndGlobalSection
	GlobalSection(ExtensibilityGlobals) = postSolution
		SolutionGuid = {D6D0C515-63E9-40EE-A537-B00B487F579C}
	EndGlobalSection
EndGlobal
